
Microsoft Visual Studio Solution File, Format Version 12.00
# Visual Studio 15
VisualStudioVersion = 15.0.26124.0
MinimumVisualStudioVersion = 15.0.26124.0
Project("{FAE04EC0-301F-11D3-BF4B-00C04F79EFBC}") = "PizzaBox.Client", "PizzaBox.Client\PizzaBox.Client.csproj", "{01C3163A-D977-493D-A503-E7244366E122}"
EndProject
Project("{FAE04EC0-301F-11D3-BF4B-00C04F79EFBC}") = "PizzaBox.Domain", "PizzaBox.Domain\PizzaBox.Domain.csproj", "{BD5A9149-7A46-46B4-A210-8AA834793300}"
EndProject
Project("{FAE04EC0-301F-11D3-BF4B-00C04F79EFBC}") = "PizzaBox.Storing", "PizzaBox.Storing\PizzaBox.Storing.csproj", "{38982B52-71E0-4E6A-AAC8-6C4DE736BA88}"
EndProject
Project("{FAE04EC0-301F-11D3-BF4B-00C04F79EFBC}") = "PizzaBox.Testing", "PizzaBox.Testing\PizzaBox.Testing.csproj", "{B058685F-1D4C-4030-864F-359611C20647}"
EndProject
Global
	GlobalSection(SolutionConfigurationPlatforms) = preSolution
		Debug|Any CPU = Debug|Any CPU
		Debug|x64 = Debug|x64
		Debug|x86 = Debug|x86
		Release|Any CPU = Release|Any CPU
		Release|x64 = Release|x64
		Release|x86 = Release|x86
	EndGlobalSection
	GlobalSection(SolutionProperties) = preSolution
		HideSolutionNode = FALSE
	EndGlobalSection
	GlobalSection(ProjectConfigurationPlatforms) = postSolution
		{01C3163A-D977-493D-A503-E7244366E122}.Debug|Any CPU.ActiveCfg = Debug|Any CPU
		{01C3163A-D977-493D-A503-E7244366E122}.Debug|Any CPU.Build.0 = Debug|Any CPU
		{01C3163A-D977-493D-A503-E7244366E122}.Debug|x64.ActiveCfg = Debug|Any CPU
		{01C3163A-D977-493D-A503-E7244366E122}.Debug|x64.Build.0 = Debug|Any CPU
		{01C3163A-D977-493D-A503-E7244366E122}.Debug|x86.ActiveCfg = Debug|Any CPU
		{01C3163A-D977-493D-A503-E7244366E122}.Debug|x86.Build.0 = Debug|Any CPU
		{01C3163A-D977-493D-A503-E7244366E122}.Release|Any CPU.ActiveCfg = Release|Any CPU
		{01C3163A-D977-493D-A503-E7244366E122}.Release|Any CPU.Build.0 = Release|Any CPU
		{01C3163A-D977-493D-A503-E7244366E122}.Release|x64.ActiveCfg = Release|Any CPU
		{01C3163A-D977-493D-A503-E7244366E122}.Release|x64.Build.0 = Release|Any CPU
		{01C3163A-D977-493D-A503-E7244366E122}.Release|x86.ActiveCfg = Release|Any CPU
		{01C3163A-D977-493D-A503-E7244366E122}.Release|x86.Build.0 = Release|Any CPU
		{BD5A9149-7A46-46B4-A210-8AA834793300}.Debug|Any CPU.ActiveCfg = Debug|Any CPU
		{BD5A9149-7A46-46B4-A210-8AA834793300}.Debug|Any CPU.Build.0 = Debug|Any CPU
		{BD5A9149-7A46-46B4-A210-8AA834793300}.Debug|x64.ActiveCfg = Debug|Any CPU
		{BD5A9149-7A46-46B4-A210-8AA834793300}.Debug|x64.Build.0 = Debug|Any CPU
		{BD5A9149-7A46-46B4-A210-8AA834793300}.Debug|x86.ActiveCfg = Debug|Any CPU
		{BD5A9149-7A46-46B4-A210-8AA834793300}.Debug|x86.Build.0 = Debug|Any CPU
		{BD5A9149-7A46-46B4-A210-8AA834793300}.Release|Any CPU.ActiveCfg = Release|Any CPU
		{BD5A9149-7A46-46B4-A210-8AA834793300}.Release|Any CPU.Build.0 = Release|Any CPU
		{BD5A9149-7A46-46B4-A210-8AA834793300}.Release|x64.ActiveCfg = Release|Any CPU
		{BD5A9149-7A46-46B4-A210-8AA834793300}.Release|x64.Build.0 = Release|Any CPU
		{BD5A9149-7A46-46B4-A210-8AA834793300}.Release|x86.ActiveCfg = Release|Any CPU
		{BD5A9149-7A46-46B4-A210-8AA834793300}.Release|x86.Build.0 = Release|Any CPU
		{38982B52-71E0-4E6A-AAC8-6C4DE736BA88}.Debug|Any CPU.ActiveCfg = Debug|Any CPU
		{38982B52-71E0-4E6A-AAC8-6C4DE736BA88}.Debug|Any CPU.Build.0 = Debug|Any CPU
		{38982B52-71E0-4E6A-AAC8-6C4DE736BA88}.Debug|x64.ActiveCfg = Debug|Any CPU
		{38982B52-71E0-4E6A-AAC8-6C4DE736BA88}.Debug|x64.Build.0 = Debug|Any CPU
		{38982B52-71E0-4E6A-AAC8-6C4DE736BA88}.Debug|x86.ActiveCfg = Debug|Any CPU
		{38982B52-71E0-4E6A-AAC8-6C4DE736BA88}.Debug|x86.Build.0 = Debug|Any CPU
		{38982B52-71E0-4E6A-AAC8-6C4DE736BA88}.Release|Any CPU.ActiveCfg = Release|Any CPU
		{38982B52-71E0-4E6A-AAC8-6C4DE736BA88}.Release|Any CPU.Build.0 = Release|Any CPU
		{38982B52-71E0-4E6A-AAC8-6C4DE736BA88}.Release|x64.ActiveCfg = Release|Any CPU
		{38982B52-71E0-4E6A-AAC8-6C4DE736BA88}.Release|x64.Build.0 = Release|Any CPU
		{38982B52-71E0-4E6A-AAC8-6C4DE736BA88}.Release|x86.ActiveCfg = Release|Any CPU
		{38982B52-71E0-4E6A-AAC8-6C4DE736BA88}.Release|x86.Build.0 = Release|Any CPU
		{B058685F-1D4C-4030-864F-359611C20647}.Debug|Any CPU.ActiveCfg = Debug|Any CPU
		{B058685F-1D4C-4030-864F-359611C20647}.Debug|Any CPU.Build.0 = Debug|Any CPU
		{B058685F-1D4C-4030-864F-359611C20647}.Debug|x64.ActiveCfg = Debug|Any CPU
		{B058685F-1D4C-4030-864F-359611C20647}.Debug|x64.Build.0 = Debug|Any CPU
		{B058685F-1D4C-4030-864F-359611C20647}.Debug|x86.ActiveCfg = Debug|Any CPU
		{B058685F-1D4C-4030-864F-359611C20647}.Debug|x86.Build.0 = Debug|Any CPU
		{B058685F-1D4C-4030-864F-359611C20647}.Release|Any CPU.ActiveCfg = Release|Any CPU
		{B058685F-1D4C-4030-864F-359611C20647}.Release|Any CPU.Build.0 = Release|Any CPU
		{B058685F-1D4C-4030-864F-359611C20647}.Release|x64.ActiveCfg = Release|Any CPU
		{B058685F-1D4C-4030-864F-359611C20647}.Release|x64.Build.0 = Release|Any CPU
		{B058685F-1D4C-4030-864F-359611C20647}.Release|x86.ActiveCfg = Release|Any CPU
		{B058685F-1D4C-4030-864F-359611C20647}.Release|x86.Build.0 = Release|Any CPU
	EndGlobalSection
EndGlobal
